
Microsoft Visual Studio Solution File, Format Version 12.00
# Visual Studio Version 17
VisualStudioVersion = 17.11.35312.102
MinimumVisualStudioVersion = 10.0.40219.1
Project("{FAE04EC0-301F-11D3-BF4B-00C04F79EFBC}") = "DevFreela.API", "DevFreela.API\DevFreela.API.csproj", "{1F3F76D4-8177-4918-81AC-220D03E55D29}"
EndProject
Project("{FAE04EC0-301F-11D3-BF4B-00C04F79EFBC}") = "DevFreela.Application", "DevFreela.Application\DevFreela.Application.csproj", "{9CA6926F-94D1-4CDA-BEFA-7A7C083084C0}"
EndProject
Project("{FAE04EC0-301F-11D3-BF4B-00C04F79EFBC}") = "DevFreela.Infrastructure", "DevFreela.Infrastructure\DevFreela.Infrastructure.csproj", "{A21A8DAA-7C65-402C-A35E-791C05E82E84}"
EndProject
Project("{FAE04EC0-301F-11D3-BF4B-00C04F79EFBC}") = "DevFreela.Core", "DevFreela.Core\DevFreela.Core.csproj", "{9AAE7787-DCF1-40CF-BF03-25898371F1D5}"
EndProject
Global
	GlobalSection(SolutionConfigurationPlatforms) = preSolution
		Debug|Any CPU = Debug|Any CPU
		Release|Any CPU = Release|Any CPU
	EndGlobalSection
	GlobalSection(ProjectConfigurationPlatforms) = postSolution
		{1F3F76D4-8177-4918-81AC-220D03E55D29}.Debug|Any CPU.ActiveCfg = Debug|Any CPU
		{1F3F76D4-8177-4918-81AC-220D03E55D29}.Debug|Any CPU.Build.0 = Debug|Any CPU
		{1F3F76D4-8177-4918-81AC-220D03E55D29}.Release|Any CPU.ActiveCfg = Release|Any CPU
		{1F3F76D4-8177-4918-81AC-220D03E55D29}.Release|Any CPU.Build.0 = Release|Any CPU
		{9CA6926F-94D1-4CDA-BEFA-7A7C083084C0}.Debug|Any CPU.ActiveCfg = Debug|Any CPU
		{9CA6926F-94D1-4CDA-BEFA-7A7C083084C0}.Debug|Any CPU.Build.0 = Debug|Any CPU
		{9CA6926F-94D1-4CDA-BEFA-7A7C083084C0}.Release|Any CPU.ActiveCfg = Release|Any CPU
		{9CA6926F-94D1-4CDA-BEFA-7A7C083084C0}.Release|Any CPU.Build.0 = Release|Any CPU
		{A21A8DAA-7C65-402C-A35E-791C05E82E84}.Debug|Any CPU.ActiveCfg = Debug|Any CPU
		{A21A8DAA-7C65-402C-A35E-791C05E82E84}.Debug|Any CPU.Build.0 = Debug|Any CPU
		{A21A8DAA-7C65-402C-A35E-791C05E82E84}.Release|Any CPU.ActiveCfg = Release|Any CPU
		{A21A8DAA-7C65-402C-A35E-791C05E82E84}.Release|Any CPU.Build.0 = Release|Any CPU
		{9AAE7787-DCF1-40CF-BF03-25898371F1D5}.Debug|Any CPU.ActiveCfg = Debug|Any CPU
		{9AAE7787-DCF1-40CF-BF03-25898371F1D5}.Debug|Any CPU.Build.0 = Debug|Any CPU
		{9AAE7787-DCF1-40CF-BF03-25898371F1D5}.Release|Any CPU.ActiveCfg = Release|Any CPU
		{9AAE7787-DCF1-40CF-BF03-25898371F1D5}.Release|Any CPU.Build.0 = Release|Any CPU
	EndGlobalSection
	GlobalSection(SolutionProperties) = preSolution
		HideSolutionNode = FALSE
	EndGlobalSection
	GlobalSection(ExtensibilityGlobals) = postSolution
		SolutionGuid = {30D0B8BE-1325-42AF-B5D6-AFE578BBE468}
	EndGlobalSection
EndGlobal
